
Microsoft Visual Studio Solution File, Format Version 12.00
# Visual Studio 15
VisualStudioVersion = 15.0.28307.757
MinimumVisualStudioVersion = 10.0.40219.1
Project("{FAE04EC0-301F-11D3-BF4B-00C04F79EFBC}") = "DigitalCampaignLaunchReport", "DigitalCampaignLaunchReport\DigitalCampaignLaunchReport.csproj", "{1C9C4643-9097-432A-A6FF-6C9FB6F35868}"
EndProject
Global
	GlobalSection(SolutionConfigurationPlatforms) = preSolution
		Debug|Any CPU = Debug|Any CPU
		Release|Any CPU = Release|Any CPU
		Stage|Any CPU = Stage|Any CPU
	EndGlobalSection
	GlobalSection(ProjectConfigurationPlatforms) = postSolution
		{1C9C4643-9097-432A-A6FF-6C9FB6F35868}.Debug|Any CPU.ActiveCfg = Debug|Any CPU
		{1C9C4643-9097-432A-A6FF-6C9FB6F35868}.Debug|Any CPU.Build.0 = Debug|Any CPU
		{1C9C4643-9097-432A-A6FF-6C9FB6F35868}.Release|Any CPU.ActiveCfg = Release|Any CPU
		{1C9C4643-9097-432A-A6FF-6C9FB6F35868}.Release|Any CPU.Build.0 = Release|Any CPU
		{1C9C4643-9097-432A-A6FF-6C9FB6F35868}.Stage|Any CPU.ActiveCfg = Release|Any CPU
		{1C9C4643-9097-432A-A6FF-6C9FB6F35868}.Stage|Any CPU.Build.0 = Release|Any CPU
	EndGlobalSection
	GlobalSection(SolutionProperties) = preSolution
		HideSolutionNode = FALSE
	EndGlobalSection
	GlobalSection(ExtensibilityGlobals) = postSolution
		SolutionGuid = {502C712B-6384-4867-AF06-7E6819E95E1B}
	EndGlobalSection
EndGlobal
